// !$*UTF8*$!
{
	archiveVersion = 1;
	classes = {
	};
	objectVersion = 50;
	objects = {

/* Begin PBXBuildFile section */
		928E2E8623C73E28FF69B30C /* Pods_DrinkNow.framework in Frameworks */ = {isa = PBXBuildFile; fileRef = 15478A58EC2DB48CA85746D9 /* Pods_DrinkNow.framework */; };
		FA0A5D3B2338650A00A606EB /* ItemDetailViewController.swift in Sources */ = {isa = PBXBuildFile; fileRef = FA0A5D3A2338650A00A606EB /* ItemDetailViewController.swift */; };
		FA1618E8233965CE00A2CFC8 /* SF-Pro-Text-Regular.otf in Resources */ = {isa = PBXBuildFile; fileRef = FA1618D6233965CC00A2CFC8 /* SF-Pro-Text-Regular.otf */; };
		FA1618E9233965CE00A2CFC8 /* SF-Pro-Text-Black.otf in Resources */ = {isa = PBXBuildFile; fileRef = FA1618D7233965CD00A2CFC8 /* SF-Pro-Text-Black.otf */; };
		FA1618EA233965CE00A2CFC8 /* SF-Pro-Text-Light.otf in Resources */ = {isa = PBXBuildFile; fileRef = FA1618D8233965CD00A2CFC8 /* SF-Pro-Text-Light.otf */; };
		FA1618EB233965CE00A2CFC8 /* SF-Pro-Text-MediumItalic.otf in Resources */ = {isa = PBXBuildFile; fileRef = FA1618D9233965CD00A2CFC8 /* SF-Pro-Text-MediumItalic.otf */; };
		FA1618EC233965CE00A2CFC8 /* SF-Pro-Text-UltralightItalic.otf in Resources */ = {isa = PBXBuildFile; fileRef = FA1618DA233965CD00A2CFC8 /* SF-Pro-Text-UltralightItalic.otf */; };
		FA1618ED233965CE00A2CFC8 /* SF-Pro-Text-Thin.otf in Resources */ = {isa = PBXBuildFile; fileRef = FA1618DB233965CD00A2CFC8 /* SF-Pro-Text-Thin.otf */; };
		FA1618EE233965CE00A2CFC8 /* SF-Pro-Text-Medium.otf in Resources */ = {isa = PBXBuildFile; fileRef = FA1618DC233965CD00A2CFC8 /* SF-Pro-Text-Medium.otf */; };
		FA1618EF233965CE00A2CFC8 /* SF-Pro-Text-BlackItalic.otf in Resources */ = {isa = PBXBuildFile; fileRef = FA1618DD233965CD00A2CFC8 /* SF-Pro-Text-BlackItalic.otf */; };
		FA1618F0233965CE00A2CFC8 /* SF-Pro-Text-LightItalic.otf in Resources */ = {isa = PBXBuildFile; fileRef = FA1618DE233965CD00A2CFC8 /* SF-Pro-Text-LightItalic.otf */; };
		FA1618F1233965CE00A2CFC8 /* SF-Pro-Text-HeavyItalic.otf in Resources */ = {isa = PBXBuildFile; fileRef = FA1618DF233965CD00A2CFC8 /* SF-Pro-Text-HeavyItalic.otf */; };
		FA1618F2233965CE00A2CFC8 /* SF-Pro-Text-Ultralight.otf in Resources */ = {isa = PBXBuildFile; fileRef = FA1618E0233965CD00A2CFC8 /* SF-Pro-Text-Ultralight.otf */; };
		FA1618F3233965CE00A2CFC8 /* SF-Pro-Text-Semibold.otf in Resources */ = {isa = PBXBuildFile; fileRef = FA1618E1233965CD00A2CFC8 /* SF-Pro-Text-Semibold.otf */; };
		FA1618F4233965CE00A2CFC8 /* SF-Pro-Text-Heavy.otf in Resources */ = {isa = PBXBuildFile; fileRef = FA1618E2233965CE00A2CFC8 /* SF-Pro-Text-Heavy.otf */; };
		FA1618F5233965CE00A2CFC8 /* SF-Pro-Text-Bold.otf in Resources */ = {isa = PBXBuildFile; fileRef = FA1618E3233965CE00A2CFC8 /* SF-Pro-Text-Bold.otf */; };
		FA1618F6233965CE00A2CFC8 /* SF-Pro-Text-BoldItalic.otf in Resources */ = {isa = PBXBuildFile; fileRef = FA1618E4233965CE00A2CFC8 /* SF-Pro-Text-BoldItalic.otf */; };
		FA1618F7233965CE00A2CFC8 /* SF-Pro-Text-ThinItalic.otf in Resources */ = {isa = PBXBuildFile; fileRef = FA1618E5233965CE00A2CFC8 /* SF-Pro-Text-ThinItalic.otf */; };
		FA1618F8233965CE00A2CFC8 /* SF-Pro-Text-RegularItalic.otf in Resources */ = {isa = PBXBuildFile; fileRef = FA1618E6233965CE00A2CFC8 /* SF-Pro-Text-RegularItalic.otf */; };
		FA1618F9233965CE00A2CFC8 /* SF-Pro-Text-SemiboldItalic.otf in Resources */ = {isa = PBXBuildFile; fileRef = FA1618E7233965CE00A2CFC8 /* SF-Pro-Text-SemiboldItalic.otf */; };
		FA16190223399A1A00A2CFC8 /* IngredientesCell.swift in Sources */ = {isa = PBXBuildFile; fileRef = FA16190123399A1A00A2CFC8 /* IngredientesCell.swift */; };
		FA8153532333CFA6007954A2 /* AppDelegate.swift in Sources */ = {isa = PBXBuildFile; fileRef = FA8153522333CFA6007954A2 /* AppDelegate.swift */; };
		FA8153552333CFA6007954A2 /* ViewController.swift in Sources */ = {isa = PBXBuildFile; fileRef = FA8153542333CFA6007954A2 /* ViewController.swift */; };
		FA8153582333CFA6007954A2 /* Main.storyboard in Resources */ = {isa = PBXBuildFile; fileRef = FA8153562333CFA6007954A2 /* Main.storyboard */; };
		FA81535A2333CFA7007954A2 /* Assets.xcassets in Resources */ = {isa = PBXBuildFile; fileRef = FA8153592333CFA7007954A2 /* Assets.xcassets */; };
		FA81535D2333CFA7007954A2 /* LaunchScreen.storyboard in Resources */ = {isa = PBXBuildFile; fileRef = FA81535B2333CFA7007954A2 /* LaunchScreen.storyboard */; };
		FA8153682333CFA7007954A2 /* DrinkNowTests.swift in Sources */ = {isa = PBXBuildFile; fileRef = FA8153672333CFA7007954A2 /* DrinkNowTests.swift */; };
		FA8153732333CFA7007954A2 /* DrinkNowUITests.swift in Sources */ = {isa = PBXBuildFile; fileRef = FA8153722333CFA7007954A2 /* DrinkNowUITests.swift */; };
		FA8153822333D357007954A2 /* CategoriasViewController.swift in Sources */ = {isa = PBXBuildFile; fileRef = FA8153812333D357007954A2 /* CategoriasViewController.swift */; };
		FA8153842333D369007954A2 /* CategoriasTableViewCell.swift in Sources */ = {isa = PBXBuildFile; fileRef = FA8153832333D369007954A2 /* CategoriasTableViewCell.swift */; };
		FA8153872333F94C007954A2 /* ItensCategoriaViewController.swift in Sources */ = {isa = PBXBuildFile; fileRef = FA8153862333F94C007954A2 /* ItensCategoriaViewController.swift */; };
		FA8153892333F961007954A2 /* ItensCategoriaTableViewCell.swift in Sources */ = {isa = PBXBuildFile; fileRef = FA8153882333F961007954A2 /* ItensCategoriaTableViewCell.swift */; };
/* End PBXBuildFile section */

/* Begin PBXContainerItemProxy section */
		FA8153642333CFA7007954A2 /* PBXContainerItemProxy */ = {
			isa = PBXContainerItemProxy;
			containerPortal = FA8153472333CFA5007954A2 /* Project object */;
			proxyType = 1;
			remoteGlobalIDString = FA81534E2333CFA5007954A2;
			remoteInfo = DrinkNow;
		};
		FA81536F2333CFA7007954A2 /* PBXContainerItemProxy */ = {
			isa = PBXContainerItemProxy;
			containerPortal = FA8153472333CFA5007954A2 /* Project object */;
			proxyType = 1;
			remoteGlobalIDString = FA81534E2333CFA5007954A2;
			remoteInfo = DrinkNow;
		};
/* End PBXContainerItemProxy section */

/* Begin PBXFileReference section */
		15478A58EC2DB48CA85746D9 /* Pods_DrinkNow.framework */ = {isa = PBXFileReference; explicitFileType = wrapper.framework; includeInIndex = 0; path = Pods_DrinkNow.framework; sourceTree = BUILT_PRODUCTS_DIR; };
		82AD2C5E6B00160E95D6019E /* Pods-DrinkNow.debug.xcconfig */ = {isa = PBXFileReference; includeInIndex = 1; lastKnownFileType = text.xcconfig; name = "Pods-DrinkNow.debug.xcconfig"; path = "Target Support Files/Pods-DrinkNow/Pods-DrinkNow.debug.xcconfig"; sourceTree = "<group>"; };
		CF1D17E90B8643D7C757A637 /* Pods-DrinkNow.release.xcconfig */ = {isa = PBXFileReference; includeInIndex = 1; lastKnownFileType = text.xcconfig; name = "Pods-DrinkNow.release.xcconfig"; path = "Target Support Files/Pods-DrinkNow/Pods-DrinkNow.release.xcconfig"; sourceTree = "<group>"; };
		FA0A5D3A2338650A00A606EB /* ItemDetailViewController.swift */ = {isa = PBXFileReference; lastKnownFileType = sourcecode.swift; path = ItemDetailViewController.swift; sourceTree = "<group>"; };
		FA1618D6233965CC00A2CFC8 /* SF-Pro-Text-Regular.otf */ = {isa = PBXFileReference; lastKnownFileType = file; path = "SF-Pro-Text-Regular.otf"; sourceTree = "<group>"; };
		FA1618D7233965CD00A2CFC8 /* SF-Pro-Text-Black.otf */ = {isa = PBXFileReference; lastKnownFileType = file; path = "SF-Pro-Text-Black.otf"; sourceTree = "<group>"; };
		FA1618D8233965CD00A2CFC8 /* SF-Pro-Text-Light.otf */ = {isa = PBXFileReference; lastKnownFileType = file; path = "SF-Pro-Text-Light.otf"; sourceTree = "<group>"; };
		FA1618D9233965CD00A2CFC8 /* SF-Pro-Text-MediumItalic.otf */ = {isa = PBXFileReference; lastKnownFileType = file; path = "SF-Pro-Text-MediumItalic.otf"; sourceTree = "<group>"; };
		FA1618DA233965CD00A2CFC8 /* SF-Pro-Text-UltralightItalic.otf */ = {isa = PBXFileReference; lastKnownFileType = file; path = "SF-Pro-Text-UltralightItalic.otf"; sourceTree = "<group>"; };
		FA1618DB233965CD00A2CFC8 /* SF-Pro-Text-Thin.otf */ = {isa = PBXFileReference; lastKnownFileType = file; path = "SF-Pro-Text-Thin.otf"; sourceTree = "<group>"; };
		FA1618DC233965CD00A2CFC8 /* SF-Pro-Text-Medium.otf */ = {isa = PBXFileReference; lastKnownFileType = file; path = "SF-Pro-Text-Medium.otf"; sourceTree = "<group>"; };
		FA1618DD233965CD00A2CFC8 /* SF-Pro-Text-BlackItalic.otf */ = {isa = PBXFileReference; lastKnownFileType = file; path = "SF-Pro-Text-BlackItalic.otf"; sourceTree = "<group>"; };
		FA1618DE233965CD00A2CFC8 /* SF-Pro-Text-LightItalic.otf */ = {isa = PBXFileReference; lastKnownFileType = file; path = "SF-Pro-Text-LightItalic.otf"; sourceTree = "<group>"; };
		FA1618DF233965CD00A2CFC8 /* SF-Pro-Text-HeavyItalic.otf */ = {isa = PBXFileReference; lastKnownFileType = file; path = "SF-Pro-Text-HeavyItalic.otf"; sourceTree = "<group>"; };
		FA1618E0233965CD00A2CFC8 /* SF-Pro-Text-Ultralight.otf */ = {isa = PBXFileReference; lastKnownFileType = file; path = "SF-Pro-Text-Ultralight.otf"; sourceTree = "<group>"; };
		FA1618E1233965CD00A2CFC8 /* SF-Pro-Text-Semibold.otf */ = {isa = PBXFileReference; lastKnownFileType = file; path = "SF-Pro-Text-Semibold.otf"; sourceTree = "<group>"; };
		FA1618E2233965CE00A2CFC8 /* SF-Pro-Text-Heavy.otf */ = {isa = PBXFileReference; lastKnownFileType = file; path = "SF-Pro-Text-Heavy.otf"; sourceTree = "<group>"; };
		FA1618E3233965CE00A2CFC8 /* SF-Pro-Text-Bold.otf */ = {isa = PBXFileReference; lastKnownFileType = file; path = "SF-Pro-Text-Bold.otf"; sourceTree = "<group>"; };
		FA1618E4233965CE00A2CFC8 /* SF-Pro-Text-BoldItalic.otf */ = {isa = PBXFileReference; lastKnownFileType = file; path = "SF-Pro-Text-BoldItalic.otf"; sourceTree = "<group>"; };
		FA1618E5233965CE00A2CFC8 /* SF-Pro-Text-ThinItalic.otf */ = {isa = PBXFileReference; lastKnownFileType = file; path = "SF-Pro-Text-ThinItalic.otf"; sourceTree = "<group>"; };
		FA1618E6233965CE00A2CFC8 /* SF-Pro-Text-RegularItalic.otf */ = {isa = PBXFileReference; lastKnownFileType = file; path = "SF-Pro-Text-RegularItalic.otf"; sourceTree = "<group>"; };
		FA1618E7233965CE00A2CFC8 /* SF-Pro-Text-SemiboldItalic.otf */ = {isa = PBXFileReference; lastKnownFileType = file; path = "SF-Pro-Text-SemiboldItalic.otf"; sourceTree = "<group>"; };
		FA1618FB23396C5B00A2CFC8 /* AwesomeCache.framework */ = {isa = PBXFileReference; explicitFileType = wrapper.framework; path = AwesomeCache.framework; sourceTree = BUILT_PRODUCTS_DIR; };
		FA16190123399A1A00A2CFC8 /* IngredientesCell.swift */ = {isa = PBXFileReference; lastKnownFileType = sourcecode.swift; path = IngredientesCell.swift; sourceTree = "<group>"; };
		FA81534F2333CFA6007954A2 /* DrinkNow.app */ = {isa = PBXFileReference; explicitFileType = wrapper.application; includeInIndex = 0; path = DrinkNow.app; sourceTree = BUILT_PRODUCTS_DIR; };
		FA8153522333CFA6007954A2 /* AppDelegate.swift */ = {isa = PBXFileReference; lastKnownFileType = sourcecode.swift; path = AppDelegate.swift; sourceTree = "<group>"; };
		FA8153542333CFA6007954A2 /* ViewController.swift */ = {isa = PBXFileReference; lastKnownFileType = sourcecode.swift; path = ViewController.swift; sourceTree = "<group>"; };
		FA8153572333CFA6007954A2 /* Base */ = {isa = PBXFileReference; lastKnownFileType = file.storyboard; name = Base; path = Base.lproj/Main.storyboard; sourceTree = "<group>"; };
		FA8153592333CFA7007954A2 /* Assets.xcassets */ = {isa = PBXFileReference; lastKnownFileType = folder.assetcatalog; path = Assets.xcassets; sourceTree = "<group>"; };
		FA81535C2333CFA7007954A2 /* Base */ = {isa = PBXFileReference; lastKnownFileType = file.storyboard; name = Base; path = Base.lproj/LaunchScreen.storyboard; sourceTree = "<group>"; };
		FA81535E2333CFA7007954A2 /* Info.plist */ = {isa = PBXFileReference; lastKnownFileType = text.plist.xml; path = Info.plist; sourceTree = "<group>"; };
		FA8153632333CFA7007954A2 /* DrinkNowTests.xctest */ = {isa = PBXFileReference; explicitFileType = wrapper.cfbundle; includeInIndex = 0; path = DrinkNowTests.xctest; sourceTree = BUILT_PRODUCTS_DIR; };
		FA8153672333CFA7007954A2 /* DrinkNowTests.swift */ = {isa = PBXFileReference; lastKnownFileType = sourcecode.swift; path = DrinkNowTests.swift; sourceTree = "<group>"; };
		FA8153692333CFA7007954A2 /* Info.plist */ = {isa = PBXFileReference; lastKnownFileType = text.plist.xml; path = Info.plist; sourceTree = "<group>"; };
		FA81536E2333CFA7007954A2 /* DrinkNowUITests.xctest */ = {isa = PBXFileReference; explicitFileType = wrapper.cfbundle; includeInIndex = 0; path = DrinkNowUITests.xctest; sourceTree = BUILT_PRODUCTS_DIR; };
		FA8153722333CFA7007954A2 /* DrinkNowUITests.swift */ = {isa = PBXFileReference; lastKnownFileType = sourcecode.swift; path = DrinkNowUITests.swift; sourceTree = "<group>"; };
		FA8153742333CFA7007954A2 /* Info.plist */ = {isa = PBXFileReference; lastKnownFileType = text.plist.xml; path = Info.plist; sourceTree = "<group>"; };
		FA8153812333D357007954A2 /* CategoriasViewController.swift */ = {isa = PBXFileReference; lastKnownFileType = sourcecode.swift; path = CategoriasViewController.swift; sourceTree = "<group>"; };
		FA8153832333D369007954A2 /* CategoriasTableViewCell.swift */ = {isa = PBXFileReference; lastKnownFileType = sourcecode.swift; path = CategoriasTableViewCell.swift; sourceTree = "<group>"; };
		FA8153862333F94C007954A2 /* ItensCategoriaViewController.swift */ = {isa = PBXFileReference; lastKnownFileType = sourcecode.swift; path = ItensCategoriaViewController.swift; sourceTree = "<group>"; };
		FA8153882333F961007954A2 /* ItensCategoriaTableViewCell.swift */ = {isa = PBXFileReference; lastKnownFileType = sourcecode.swift; path = ItensCategoriaTableViewCell.swift; sourceTree = "<group>"; };
/* End PBXFileReference section */

/* Begin PBXFrameworksBuildPhase section */
		FA81534C2333CFA5007954A2 /* Frameworks */ = {
			isa = PBXFrameworksBuildPhase;
			buildActionMask = 2147483647;
			files = (
				928E2E8623C73E28FF69B30C /* Pods_DrinkNow.framework in Frameworks */,
			);
			runOnlyForDeploymentPostprocessing = 0;
		};
		FA8153602333CFA7007954A2 /* Frameworks */ = {
			isa = PBXFrameworksBuildPhase;
			buildActionMask = 2147483647;
			files = (
			);
			runOnlyForDeploymentPostprocessing = 0;
		};
		FA81536B2333CFA7007954A2 /* Frameworks */ = {
			isa = PBXFrameworksBuildPhase;
			buildActionMask = 2147483647;
			files = (
			);
			runOnlyForDeploymentPostprocessing = 0;
		};
/* End PBXFrameworksBuildPhase section */

/* Begin PBXGroup section */
		3E180214A01A3726E02545E2 /* Pods */ = {
			isa = PBXGroup;
			children = (
				82AD2C5E6B00160E95D6019E /* Pods-DrinkNow.debug.xcconfig */,
				CF1D17E90B8643D7C757A637 /* Pods-DrinkNow.release.xcconfig */,
			);
			path = Pods;
			sourceTree = "<group>";
		};
		51908BFC14DD433F0D236330 /* Frameworks */ = {
			isa = PBXGroup;
			children = (
				FA1618FB23396C5B00A2CFC8 /* AwesomeCache.framework */,
				15478A58EC2DB48CA85746D9 /* Pods_DrinkNow.framework */,
			);
			name = Frameworks;
			sourceTree = "<group>";
		};
		FA1618D4233965B600A2CFC8 /* Assets */ = {
			isa = PBXGroup;
			children = (
				FA1618D5233965BE00A2CFC8 /* Fonts */,
			);
			path = Assets;
			sourceTree = "<group>";
		};
		FA1618D5233965BE00A2CFC8 /* Fonts */ = {
			isa = PBXGroup;
			children = (
				FA1618FA233965D200A2CFC8 /* SF */,
			);
			path = Fonts;
			sourceTree = "<group>";
		};
		FA1618FA233965D200A2CFC8 /* SF */ = {
			isa = PBXGroup;
			children = (
				FA1618D7233965CD00A2CFC8 /* SF-Pro-Text-Black.otf */,
				FA1618DD233965CD00A2CFC8 /* SF-Pro-Text-BlackItalic.otf */,
				FA1618E3233965CE00A2CFC8 /* SF-Pro-Text-Bold.otf */,
				FA1618E4233965CE00A2CFC8 /* SF-Pro-Text-BoldItalic.otf */,
				FA1618E2233965CE00A2CFC8 /* SF-Pro-Text-Heavy.otf */,
				FA1618DF233965CD00A2CFC8 /* SF-Pro-Text-HeavyItalic.otf */,
				FA1618D8233965CD00A2CFC8 /* SF-Pro-Text-Light.otf */,
				FA1618DE233965CD00A2CFC8 /* SF-Pro-Text-LightItalic.otf */,
				FA1618DC233965CD00A2CFC8 /* SF-Pro-Text-Medium.otf */,
				FA1618D9233965CD00A2CFC8 /* SF-Pro-Text-MediumItalic.otf */,
				FA1618D6233965CC00A2CFC8 /* SF-Pro-Text-Regular.otf */,
				FA1618E6233965CE00A2CFC8 /* SF-Pro-Text-RegularItalic.otf */,
				FA1618E1233965CD00A2CFC8 /* SF-Pro-Text-Semibold.otf */,
				FA1618E7233965CE00A2CFC8 /* SF-Pro-Text-SemiboldItalic.otf */,
				FA1618DB233965CD00A2CFC8 /* SF-Pro-Text-Thin.otf */,
				FA1618E5233965CE00A2CFC8 /* SF-Pro-Text-ThinItalic.otf */,
				FA1618E0233965CD00A2CFC8 /* SF-Pro-Text-Ultralight.otf */,
				FA1618DA233965CD00A2CFC8 /* SF-Pro-Text-UltralightItalic.otf */,
			);
			path = SF;
			sourceTree = "<group>";
		};
		FA8153462333CFA5007954A2 = {
			isa = PBXGroup;
			children = (
				FA8153512333CFA6007954A2 /* DrinkNow */,
				FA8153662333CFA7007954A2 /* DrinkNowTests */,
				FA8153712333CFA7007954A2 /* DrinkNowUITests */,
				FA8153502333CFA6007954A2 /* Products */,
				3E180214A01A3726E02545E2 /* Pods */,
				51908BFC14DD433F0D236330 /* Frameworks */,
			);
			sourceTree = "<group>";
		};
		FA8153502333CFA6007954A2 /* Products */ = {
			isa = PBXGroup;
			children = (
				FA81534F2333CFA6007954A2 /* DrinkNow.app */,
				FA8153632333CFA7007954A2 /* DrinkNowTests.xctest */,
				FA81536E2333CFA7007954A2 /* DrinkNowUITests.xctest */,
			);
			name = Products;
			sourceTree = "<group>";
		};
		FA8153512333CFA6007954A2 /* DrinkNow */ = {
			isa = PBXGroup;
			children = (
				FA1618D4233965B600A2CFC8 /* Assets */,
				FA8153802333D2E7007954A2 /* Categorias */,
				FA8153522333CFA6007954A2 /* AppDelegate.swift */,
				FA8153542333CFA6007954A2 /* ViewController.swift */,
				FA8153562333CFA6007954A2 /* Main.storyboard */,
				FA8153592333CFA7007954A2 /* Assets.xcassets */,
				FA81535B2333CFA7007954A2 /* LaunchScreen.storyboard */,
				FA81535E2333CFA7007954A2 /* Info.plist */,
			);
			path = DrinkNow;
			sourceTree = "<group>";
		};
		FA8153662333CFA7007954A2 /* DrinkNowTests */ = {
			isa = PBXGroup;
			children = (
				FA8153672333CFA7007954A2 /* DrinkNowTests.swift */,
				FA8153692333CFA7007954A2 /* Info.plist */,
			);
			path = DrinkNowTests;
			sourceTree = "<group>";
		};
		FA8153712333CFA7007954A2 /* DrinkNowUITests */ = {
			isa = PBXGroup;
			children = (
				FA8153722333CFA7007954A2 /* DrinkNowUITests.swift */,
				FA8153742333CFA7007954A2 /* Info.plist */,
			);
			path = DrinkNowUITests;
			sourceTree = "<group>";
		};
		FA8153802333D2E7007954A2 /* Categorias */ = {
			isa = PBXGroup;
			children = (
				FA8153852333F931007954A2 /* Itens */,
				FA8153812333D357007954A2 /* CategoriasViewController.swift */,
				FA8153832333D369007954A2 /* CategoriasTableViewCell.swift */,
			);
			path = Categorias;
			sourceTree = "<group>";
		};
		FA8153852333F931007954A2 /* Itens */ = {
			isa = PBXGroup;
			children = (
				FA8153862333F94C007954A2 /* ItensCategoriaViewController.swift */,
				FA8153882333F961007954A2 /* ItensCategoriaTableViewCell.swift */,
				FA0A5D3A2338650A00A606EB /* ItemDetailViewController.swift */,
				FA16190123399A1A00A2CFC8 /* IngredientesCell.swift */,
			);
			path = Itens;
			sourceTree = "<group>";
		};
/* End PBXGroup section */

/* Begin PBXNativeTarget section */
		FA81534E2333CFA5007954A2 /* DrinkNow */ = {
			isa = PBXNativeTarget;
			buildConfigurationList = FA8153772333CFA7007954A2 /* Build configuration list for PBXNativeTarget "DrinkNow" */;
			buildPhases = (
				A877254228A04BC5BE600E98 /* [CP] Check Pods Manifest.lock */,
				FA81534B2333CFA5007954A2 /* Sources */,
				FA81534C2333CFA5007954A2 /* Frameworks */,
				FA81534D2333CFA5007954A2 /* Resources */,
				D30050288E2A62B41AA7BCEB /* [CP] Embed Pods Frameworks */,
			);
			buildRules = (
			);
			dependencies = (
			);
			name = DrinkNow;
			productName = DrinkNow;
			productReference = FA81534F2333CFA6007954A2 /* DrinkNow.app */;
			productType = "com.apple.product-type.application";
		};
		FA8153622333CFA7007954A2 /* DrinkNowTests */ = {
			isa = PBXNativeTarget;
			buildConfigurationList = FA81537A2333CFA7007954A2 /* Build configuration list for PBXNativeTarget "DrinkNowTests" */;
			buildPhases = (
				FA81535F2333CFA7007954A2 /* Sources */,
				FA8153602333CFA7007954A2 /* Frameworks */,
				FA8153612333CFA7007954A2 /* Resources */,
			);
			buildRules = (
			);
			dependencies = (
				FA8153652333CFA7007954A2 /* PBXTargetDependency */,
			);
			name = DrinkNowTests;
			productName = DrinkNowTests;
			productReference = FA8153632333CFA7007954A2 /* DrinkNowTests.xctest */;
			productType = "com.apple.product-type.bundle.unit-test";
		};
		FA81536D2333CFA7007954A2 /* DrinkNowUITests */ = {
			isa = PBXNativeTarget;
			buildConfigurationList = FA81537D2333CFA7007954A2 /* Build configuration list for PBXNativeTarget "DrinkNowUITests" */;
			buildPhases = (
				FA81536A2333CFA7007954A2 /* Sources */,
				FA81536B2333CFA7007954A2 /* Frameworks */,
				FA81536C2333CFA7007954A2 /* Resources */,
			);
			buildRules = (
			);
			dependencies = (
				FA8153702333CFA7007954A2 /* PBXTargetDependency */,
			);
			name = DrinkNowUITests;
			productName = DrinkNowUITests;
			productReference = FA81536E2333CFA7007954A2 /* DrinkNowUITests.xctest */;
			productType = "com.apple.product-type.bundle.ui-testing";
		};
/* End PBXNativeTarget section */

/* Begin PBXProject section */
		FA8153472333CFA5007954A2 /* Project object */ = {
			isa = PBXProject;
			attributes = {
				LastSwiftUpdateCheck = 1020;
				LastUpgradeCheck = 1020;
				ORGANIZATIONNAME = "Melies Kubrick";
				TargetAttributes = {
					FA81534E2333CFA5007954A2 = {
						CreatedOnToolsVersion = 10.2;
					};
					FA8153622333CFA7007954A2 = {
						CreatedOnToolsVersion = 10.2;
						TestTargetID = FA81534E2333CFA5007954A2;
					};
					FA81536D2333CFA7007954A2 = {
						CreatedOnToolsVersion = 10.2;
						TestTargetID = FA81534E2333CFA5007954A2;
					};
				};
			};
			buildConfigurationList = FA81534A2333CFA5007954A2 /* Build configuration list for PBXProject "DrinkNow" */;
			compatibilityVersion = "Xcode 9.3";
			developmentRegion = en;
			hasScannedForEncodings = 0;
			knownRegions = (
				en,
				Base,
			);
			mainGroup = FA8153462333CFA5007954A2;
			productRefGroup = FA8153502333CFA6007954A2 /* Products */;
			projectDirPath = "";
			projectRoot = "";
			targets = (
				FA81534E2333CFA5007954A2 /* DrinkNow */,
				FA8153622333CFA7007954A2 /* DrinkNowTests */,
				FA81536D2333CFA7007954A2 /* DrinkNowUITests */,
			);
		};
/* End PBXProject section */

/* Begin PBXResourcesBuildPhase section */
		FA81534D2333CFA5007954A2 /* Resources */ = {
			isa = PBXResourcesBuildPhase;
			buildActionMask = 2147483647;
			files = (
				FA81535D2333CFA7007954A2 /* LaunchScreen.storyboard in Resources */,
				FA1618EB233965CE00A2CFC8 /* SF-Pro-Text-MediumItalic.otf in Resources */,
				FA1618F8233965CE00A2CFC8 /* SF-Pro-Text-RegularItalic.otf in Resources */,
				FA81535A2333CFA7007954A2 /* Assets.xcassets in Resources */,
				FA1618F9233965CE00A2CFC8 /* SF-Pro-Text-SemiboldItalic.otf in Resources */,
				FA1618EA233965CE00A2CFC8 /* SF-Pro-Text-Light.otf in Resources */,
				FA1618E8233965CE00A2CFC8 /* SF-Pro-Text-Regular.otf in Resources */,
				FA1618F2233965CE00A2CFC8 /* SF-Pro-Text-Ultralight.otf in Resources */,
				FA8153582333CFA6007954A2 /* Main.storyboard in Resources */,
				FA1618EC233965CE00A2CFC8 /* SF-Pro-Text-UltralightItalic.otf in Resources */,
				FA1618F1233965CE00A2CFC8 /* SF-Pro-Text-HeavyItalic.otf in Resources */,
				FA1618F5233965CE00A2CFC8 /* SF-Pro-Text-Bold.otf in Resources */,
				FA1618E9233965CE00A2CFC8 /* SF-Pro-Text-Black.otf in Resources */,
				FA1618EF233965CE00A2CFC8 /* SF-Pro-Text-BlackItalic.otf in Resources */,
				FA1618EE233965CE00A2CFC8 /* SF-Pro-Text-Medium.otf in Resources */,
				FA1618F3233965CE00A2CFC8 /* SF-Pro-Text-Semibold.otf in Resources */,
				FA1618F0233965CE00A2CFC8 /* SF-Pro-Text-LightItalic.otf in Resources */,
				FA1618ED233965CE00A2CFC8 /* SF-Pro-Text-Thin.otf in Resources */,
				FA1618F6233965CE00A2CFC8 /* SF-Pro-Text-BoldItalic.otf in Resources */,
				FA1618F4233965CE00A2CFC8 /* SF-Pro-Text-Heavy.otf in Resources */,
				FA1618F7233965CE00A2CFC8 /* SF-Pro-Text-ThinItalic.otf in Resources */,
			);
			runOnlyForDeploymentPostprocessing = 0;
		};
		FA8153612333CFA7007954A2 /* Resources */ = {
			isa = PBXResourcesBuildPhase;
			buildActionMask = 2147483647;
			files = (
			);
			runOnlyForDeploymentPostprocessing = 0;
		};
		FA81536C2333CFA7007954A2 /* Resources */ = {
			isa = PBXResourcesBuildPhase;
			buildActionMask = 2147483647;
			files = (
			);
			runOnlyForDeploymentPostprocessing = 0;
		};
/* End PBXResourcesBuildPhase section */

/* Begin PBXShellScriptBuildPhase section */
		A877254228A04BC5BE600E98 /* [CP] Check Pods Manifest.lock */ = {
			isa = PBXShellScriptBuildPhase;
			buildActionMask = 2147483647;
			files = (
			);
			inputFileListPaths = (
			);
			inputPaths = (
				"${PODS_PODFILE_DIR_PATH}/Podfile.lock",
				"${PODS_ROOT}/Manifest.lock",
			);
			name = "[CP] Check Pods Manifest.lock";
			outputFileListPaths = (
			);
			outputPaths = (
				"$(DERIVED_FILE_DIR)/Pods-DrinkNow-checkManifestLockResult.txt",
			);
			runOnlyForDeploymentPostprocessing = 0;
			shellPath = /bin/sh;
			shellScript = "diff \"${PODS_PODFILE_DIR_PATH}/Podfile.lock\" \"${PODS_ROOT}/Manifest.lock\" > /dev/null\nif [ $? != 0 ] ; then\n    # print error to STDERR\n    echo \"error: The sandbox is not in sync with the Podfile.lock. Run 'pod install' or update your CocoaPods installation.\" >&2\n    exit 1\nfi\n# This output is used by Xcode 'outputs' to avoid re-running this script phase.\necho \"SUCCESS\" > \"${SCRIPT_OUTPUT_FILE_0}\"\n";
			showEnvVarsInLog = 0;
		};
		D30050288E2A62B41AA7BCEB /* [CP] Embed Pods Frameworks */ = {
			isa = PBXShellScriptBuildPhase;
			buildActionMask = 2147483647;
			files = (
			);
			inputFileListPaths = (
			);
			inputPaths = (
				"${PODS_ROOT}/Target Support Files/Pods-DrinkNow/Pods-DrinkNow-frameworks.sh",
				"${BUILT_PRODUCTS_DIR}/Alamofire/Alamofire.framework",
				"${BUILT_PRODUCTS_DIR}/AlamofireImage/AlamofireImage.framework",
				"${BUILT_PRODUCTS_DIR}/SDWebImage/SDWebImage.framework",
				"${BUILT_PRODUCTS_DIR}/SwiftyJSON/SwiftyJSON.framework",
			);
			name = "[CP] Embed Pods Frameworks";
			outputFileListPaths = (
			);
			outputPaths = (
				"${TARGET_BUILD_DIR}/${FRAMEWORKS_FOLDER_PATH}/Alamofire.framework",
				"${TARGET_BUILD_DIR}/${FRAMEWORKS_FOLDER_PATH}/AlamofireImage.framework",
				"${TARGET_BUILD_DIR}/${FRAMEWORKS_FOLDER_PATH}/SDWebImage.framework",
				"${TARGET_BUILD_DIR}/${FRAMEWORKS_FOLDER_PATH}/SwiftyJSON.framework",
			);
			runOnlyForDeploymentPostprocessing = 0;
			shellPath = /bin/sh;
			shellScript = "\"${PODS_ROOT}/Target Support Files/Pods-DrinkNow/Pods-DrinkNow-frameworks.sh\"\n";
			showEnvVarsInLog = 0;
		};
/* End PBXShellScriptBuildPhase section */

/* Begin PBXSourcesBuildPhase section */
		FA81534B2333CFA5007954A2 /* Sources */ = {
			isa = PBXSourcesBuildPhase;
			buildActionMask = 2147483647;
			files = (
				FA0A5D3B2338650A00A606EB /* ItemDetailViewController.swift in Sources */,
				FA8153552333CFA6007954A2 /* ViewController.swift in Sources */,
				FA16190223399A1A00A2CFC8 /* IngredientesCell.swift in Sources */,
				FA8153842333D369007954A2 /* CategoriasTableViewCell.swift in Sources */,
				FA8153532333CFA6007954A2 /* AppDelegate.swift in Sources */,
				FA8153892333F961007954A2 /* ItensCategoriaTableViewCell.swift in Sources */,
				FA8153822333D357007954A2 /* CategoriasViewController.swift in Sources */,
				FA8153872333F94C007954A2 /* ItensCategoriaViewController.swift in Sources */,
			);
			runOnlyForDeploymentPostprocessing = 0;
		};
		FA81535F2333CFA7007954A2 /* Sources */ = {
			isa = PBXSourcesBuildPhase;
			buildActionMask = 2147483647;
			files = (
				FA8153682333CFA7007954A2 /* DrinkNowTests.swift in Sources */,
			);
			runOnlyForDeploymentPostprocessing = 0;
		};
		FA81536A2333CFA7007954A2 /* Sources */ = {
			isa = PBXSourcesBuildPhase;
			buildActionMask = 2147483647;
			files = (
				FA8153732333CFA7007954A2 /* DrinkNowUITests.swift in Sources */,
			);
			runOnlyForDeploymentPostprocessing = 0;
		};
/* End PBXSourcesBuildPhase section */

/* Begin PBXTargetDependency section */
		FA8153652333CFA7007954A2 /* PBXTargetDependency */ = {
			isa = PBXTargetDependency;
			target = FA81534E2333CFA5007954A2 /* DrinkNow */;
			targetProxy = FA8153642333CFA7007954A2 /* PBXContainerItemProxy */;
		};
		FA8153702333CFA7007954A2 /* PBXTargetDependency */ = {
			isa = PBXTargetDependency;
			target = FA81534E2333CFA5007954A2 /* DrinkNow */;
			targetProxy = FA81536F2333CFA7007954A2 /* PBXContainerItemProxy */;
		};
/* End PBXTargetDependency section */

/* Begin PBXVariantGroup section */
		FA8153562333CFA6007954A2 /* Main.storyboard */ = {
			isa = PBXVariantGroup;
			children = (
				FA8153572333CFA6007954A2 /* Base */,
			);
			name = Main.storyboard;
			sourceTree = "<group>";
		};
		FA81535B2333CFA7007954A2 /* LaunchScreen.storyboard */ = {
			isa = PBXVariantGroup;
			children = (
				FA81535C2333CFA7007954A2 /* Base */,
			);
			name = LaunchScreen.storyboard;
			sourceTree = "<group>";
		};
/* End PBXVariantGroup section */

/* Begin XCBuildConfiguration section */
		FA8153752333CFA7007954A2 /* Debug */ = {
			isa = XCBuildConfiguration;
			buildSettings = {
				ALWAYS_SEARCH_USER_PATHS = NO;
				CLANG_ANALYZER_NONNULL = YES;
				CLANG_ANALYZER_NUMBER_OBJECT_CONVERSION = YES_AGGRESSIVE;
				CLANG_CXX_LANGUAGE_STANDARD = "gnu++14";
				CLANG_CXX_LIBRARY = "libc++";
				CLANG_ENABLE_MODULES = YES;
				CLANG_ENABLE_OBJC_ARC = YES;
				CLANG_ENABLE_OBJC_WEAK = YES;
				CLANG_WARN_BLOCK_CAPTURE_AUTORELEASING = YES;
				CLANG_WARN_BOOL_CONVERSION = YES;
				CLANG_WARN_COMMA = YES;
				CLANG_WARN_CONSTANT_CONVERSION = YES;
				CLANG_WARN_DEPRECATED_OBJC_IMPLEMENTATIONS = YES;
				CLANG_WARN_DIRECT_OBJC_ISA_USAGE = YES_ERROR;
				CLANG_WARN_DOCUMENTATION_COMMENTS = YES;
				CLANG_WARN_EMPTY_BODY = YES;
				CLANG_WARN_ENUM_CONVERSION = YES;
				CLANG_WARN_INFINITE_RECURSION = YES;
				CLANG_WARN_INT_CONVERSION = YES;
				CLANG_WARN_NON_LITERAL_NULL_CONVERSION = YES;
				CLANG_WARN_OBJC_IMPLICIT_RETAIN_SELF = YES;
				CLANG_WARN_OBJC_LITERAL_CONVERSION = YES;
				CLANG_WARN_OBJC_ROOT_CLASS = YES_ERROR;
				CLANG_WARN_RANGE_LOOP_ANALYSIS = YES;
				CLANG_WARN_STRICT_PROTOTYPES = YES;
				CLANG_WARN_SUSPICIOUS_MOVE = YES;
				CLANG_WARN_UNGUARDED_AVAILABILITY = YES_AGGRESSIVE;
				CLANG_WARN_UNREACHABLE_CODE = YES;
				CLANG_WARN__DUPLICATE_METHOD_MATCH = YES;
				CODE_SIGN_IDENTITY = "iPhone Developer";
				COPY_PHASE_STRIP = NO;
				DEBUG_INFORMATION_FORMAT = dwarf;
				ENABLE_STRICT_OBJC_MSGSEND = YES;
				ENABLE_TESTABILITY = YES;
				GCC_C_LANGUAGE_STANDARD = gnu11;
				GCC_DYNAMIC_NO_PIC = NO;
				GCC_NO_COMMON_BLOCKS = YES;
				GCC_OPTIMIZATION_LEVEL = 0;
				GCC_PREPROCESSOR_DEFINITIONS = (
					"DEBUG=1",
					"$(inherited)",
				);
				GCC_WARN_64_TO_32_BIT_CONVERSION = YES;
				GCC_WARN_ABOUT_RETURN_TYPE = YES_ERROR;
				GCC_WARN_UNDECLARED_SELECTOR = YES;
				GCC_WARN_UNINITIALIZED_AUTOS = YES_AGGRESSIVE;
				GCC_WARN_UNUSED_FUNCTION = YES;
				GCC_WARN_UNUSED_VARIABLE = YES;
				IPHONEOS_DEPLOYMENT_TARGET = 12.2;
				MTL_ENABLE_DEBUG_INFO = INCLUDE_SOURCE;
				MTL_FAST_MATH = YES;
				ONLY_ACTIVE_ARCH = YES;
				SDKROOT = iphoneos;
				SWIFT_ACTIVE_COMPILATION_CONDITIONS = DEBUG;
				SWIFT_OPTIMIZATION_LEVEL = "-Onone";
			};
			name = Debug;
		};
		FA8153762333CFA7007954A2 /* Release */ = {
			isa = XCBuildConfiguration;
			buildSettings = {
				ALWAYS_SEARCH_USER_PATHS = NO;
				CLANG_ANALYZER_NONNULL = YES;
				CLANG_ANALYZER_NUMBER_OBJECT_CONVERSION = YES_AGGRESSIVE;
				CLANG_CXX_LANGUAGE_STANDARD = "gnu++14";
				CLANG_CXX_LIBRARY = "libc++";
				CLANG_ENABLE_MODULES = YES;
				CLANG_ENABLE_OBJC_ARC = YES;
				CLANG_ENABLE_OBJC_WEAK = YES;
				CLANG_WARN_BLOCK_CAPTURE_AUTORELEASING = YES;
				CLANG_WARN_BOOL_CONVERSION = YES;
				CLANG_WARN_COMMA = YES;
				CLANG_WARN_CONSTANT_CONVERSION = YES;
				CLANG_WARN_DEPRECATED_OBJC_IMPLEMENTATIONS = YES;
				CLANG_WARN_DIRECT_OBJC_ISA_USAGE = YES_ERROR;
				CLANG_WARN_DOCUMENTATION_COMMENTS = YES;
				CLANG_WARN_EMPTY_BODY = YES;
				CLANG_WARN_ENUM_CONVERSION = YES;
				CLANG_WARN_INFINITE_RECURSION = YES;
				CLANG_WARN_INT_CONVERSION = YES;
				CLANG_WARN_NON_LITERAL_NULL_CONVERSION = YES;
				CLANG_WARN_OBJC_IMPLICIT_RETAIN_SELF = YES;
				CLANG_WARN_OBJC_LITERAL_CONVERSION = YES;
				CLANG_WARN_OBJC_ROOT_CLASS = YES_ERROR;
				CLANG_WARN_RANGE_LOOP_ANALYSIS = YES;
				CLANG_WARN_STRICT_PROTOTYPES = YES;
				CLANG_WARN_SUSPICIOUS_MOVE = YES;
				CLANG_WARN_UNGUARDED_AVAILABILITY = YES_AGGRESSIVE;
				CLANG_WARN_UNREACHABLE_CODE = YES;
				CLANG_WARN__DUPLICATE_METHOD_MATCH = YES;
				CODE_SIGN_IDENTITY = "iPhone Developer";
				COPY_PHASE_STRIP = NO;
				DEBUG_INFORMATION_FORMAT = "dwarf-with-dsym";
				ENABLE_NS_ASSERTIONS = NO;
				ENABLE_STRICT_OBJC_MSGSEND = YES;
				GCC_C_LANGUAGE_STANDARD = gnu11;
				GCC_NO_COMMON_BLOCKS = YES;
				GCC_WARN_64_TO_32_BIT_CONVERSION = YES;
				GCC_WARN_ABOUT_RETURN_TYPE = YES_ERROR;
				GCC_WARN_UNDECLARED_SELECTOR = YES;
				GCC_WARN_UNINITIALIZED_AUTOS = YES_AGGRESSIVE;
				GCC_WARN_UNUSED_FUNCTION = YES;
				GCC_WARN_UNUSED_VARIABLE = YES;
				IPHONEOS_DEPLOYMENT_TARGET = 12.2;
				MTL_ENABLE_DEBUG_INFO = NO;
				MTL_FAST_MATH = YES;
				SDKROOT = iphoneos;
				SWIFT_COMPILATION_MODE = wholemodule;
				SWIFT_OPTIMIZATION_LEVEL = "-O";
				VALIDATE_PRODUCT = YES;
			};
			name = Release;
		};
		FA8153782333CFA7007954A2 /* Debug */ = {
			isa = XCBuildConfiguration;
			baseConfigurationReference = 82AD2C5E6B00160E95D6019E /* Pods-DrinkNow.debug.xcconfig */;
			buildSettings = {
				ASSETCATALOG_COMPILER_APPICON_NAME = AppIcon;
				CODE_SIGN_STYLE = Automatic;
				DEVELOPMENT_TEAM = 4APYWJWM9U;
				INFOPLIST_FILE = DrinkNow/Info.plist;
				LD_RUNPATH_SEARCH_PATHS = (
					"$(inherited)",
					"@executable_path/Frameworks",
				);
				PRODUCT_BUNDLE_IDENTIFIER = DrinkNow.DrinkNow;
				PRODUCT_NAME = "$(TARGET_NAME)";
				SWIFT_VERSION = 5.0;
				TARGETED_DEVICE_FAMILY = "1,2";
			};
			name = Debug;
		};
		FA8153792333CFA7007954A2 /* Release */ = {
			isa = XCBuildConfiguration;
			baseConfigurationReference = CF1D17E90B8643D7C757A637 /* Pods-DrinkNow.release.xcconfig */;
			buildSettings = {
				ASSETCATALOG_COMPILER_APPICON_NAME = AppIcon;
				CODE_SIGN_STYLE = Automatic;
				DEVELOPMENT_TEAM = 4APYWJWM9U;
				INFOPLIST_FILE = DrinkNow/Info.plist;
				LD_RUNPATH_SEARCH_PATHS = (
					"$(inherited)",
					"@executable_path/Frameworks",
				);
				PRODUCT_BUNDLE_IDENTIFIER = DrinkNow.DrinkNow;
				PRODUCT_NAME = "$(TARGET_NAME)";
				SWIFT_VERSION = 5.0;
				TARGETED_DEVICE_FAMILY = "1,2";
			};
			name = Release;
		};
		FA81537B2333CFA7007954A2 /* Debug */ = {
			isa = XCBuildConfiguration;
			buildSettings = {
				ALWAYS_EMBED_SWIFT_STANDARD_LIBRARIES = YES;
				BUNDLE_LOADER = "$(TEST_HOST)";
				CODE_SIGN_STYLE = Automatic;
				DEVELOPMENT_TEAM = 4APYWJWM9U;
				INFOPLIST_FILE = DrinkNowTests/Info.plist;
				LD_RUNPATH_SEARCH_PATHS = (
					"$(inherited)",
					"@executable_path/Frameworks",
					"@loader_path/Frameworks",
				);
				PRODUCT_BUNDLE_IDENTIFIER = DrinkNow.DrinkNowTests;
				PRODUCT_NAME = "$(TARGET_NAME)";
				SWIFT_VERSION = 5.0;
				TARGETED_DEVICE_FAMILY = "1,2";
				TEST_HOST = "$(BUILT_PRODUCTS_DIR)/DrinkNow.app/DrinkNow";
			};
			name = Debug;
		};
		FA81537C2333CFA7007954A2 /* Release */ = {
			isa = XCBuildConfiguration;
			buildSettings = {
				ALWAYS_EMBED_SWIFT_STANDARD_LIBRARIES = YES;
				BUNDLE_LOADER = "$(TEST_HOST)";
				CODE_SIGN_STYLE = Automatic;
				DEVELOPMENT_TEAM = 4APYWJWM9U;
				INFOPLIST_FILE = DrinkNowTests/Info.plist;
				LD_RUNPATH_SEARCH_PATHS = (
					"$(inherited)",
					"@executable_path/Frameworks",
					"@loader_path/Frameworks",
				);
				PRODUCT_BUNDLE_IDENTIFIER = DrinkNow.DrinkNowTests;
				PRODUCT_NAME = "$(TARGET_NAME)";
				SWIFT_VERSION = 5.0;
				TARGETED_DEVICE_FAMILY = "1,2";
				TEST_HOST = "$(BUILT_PRODUCTS_DIR)/DrinkNow.app/DrinkNow";
			};
			name = Release;
		};
		FA81537E2333CFA7007954A2 /* Debug */ = {
			isa = XCBuildConfiguration;
			buildSettings = {
				ALWAYS_EMBED_SWIFT_STANDARD_LIBRARIES = YES;
				CODE_SIGN_STYLE = Automatic;
				DEVELOPMENT_TEAM = 4APYWJWM9U;
				INFOPLIST_FILE = DrinkNowUITests/Info.plist;
				LD_RUNPATH_SEARCH_PATHS = (
					"$(inherited)",
					"@executable_path/Frameworks",
					"@loader_path/Frameworks",
				);
				PRODUCT_BUNDLE_IDENTIFIER = DrinkNow.DrinkNowUITests;
				PRODUCT_NAME = "$(TARGET_NAME)";
				SWIFT_VERSION = 5.0;
				TARGETED_DEVICE_FAMILY = "1,2";
				TEST_TARGET_NAME = DrinkNow;
			};
			name = Debug;
		};
		FA81537F2333CFA7007954A2 /* Release */ = {
			isa = XCBuildConfiguration;
			buildSettings = {
				ALWAYS_EMBED_SWIFT_STANDARD_LIBRARIES = YES;
				CODE_SIGN_STYLE = Automatic;
				DEVELOPMENT_TEAM = 4APYWJWM9U;
				INFOPLIST_FILE = DrinkNowUITests/Info.plist;
				LD_RUNPATH_SEARCH_PATHS = (
					"$(inherited)",
					"@executable_path/Frameworks",
					"@loader_path/Frameworks",
				);
				PRODUCT_BUNDLE_IDENTIFIER = DrinkNow.DrinkNowUITests;
				PRODUCT_NAME = "$(TARGET_NAME)";
				SWIFT_VERSION = 5.0;
				TARGETED_DEVICE_FAMILY = "1,2";
				TEST_TARGET_NAME = DrinkNow;
			};
			name = Release;
		};
/* End XCBuildConfiguration section */

/* Begin XCConfigurationList section */
		FA81534A2333CFA5007954A2 /* Build configuration list for PBXProject "DrinkNow" */ = {
			isa = XCConfigurationList;
			buildConfigurations = (
				FA8153752333CFA7007954A2 /* Debug */,
				FA8153762333CFA7007954A2 /* Release */,
			);
			defaultConfigurationIsVisible = 0;
			defaultConfigurationName = Release;
		};
		FA8153772333CFA7007954A2 /* Build configuration list for PBXNativeTarget "DrinkNow" */ = {
			isa = XCConfigurationList;
			buildConfigurations = (
				FA8153782333CFA7007954A2 /* Debug */,
				FA8153792333CFA7007954A2 /* Release */,
			);
			defaultConfigurationIsVisible = 0;
			defaultConfigurationName = Release;
		};
		FA81537A2333CFA7007954A2 /* Build configuration list for PBXNativeTarget "DrinkNowTests" */ = {
			isa = XCConfigurationList;
			buildConfigurations = (
				FA81537B2333CFA7007954A2 /* Debug */,
				FA81537C2333CFA7007954A2 /* Release */,
			);
			defaultConfigurationIsVisible = 0;
			defaultConfigurationName = Release;
		};
		FA81537D2333CFA7007954A2 /* Build configuration list for PBXNativeTarget "DrinkNowUITests" */ = {
			isa = XCConfigurationList;
			buildConfigurations = (
				FA81537E2333CFA7007954A2 /* Debug */,
				FA81537F2333CFA7007954A2 /* Release */,
			);
			defaultConfigurationIsVisible = 0;
			defaultConfigurationName = Release;
		};
/* End XCConfigurationList section */
	};
	rootObject = FA8153472333CFA5007954A2 /* Project object */;
}
